uuid: 9682ea37-55b6-4d73-b118-7939018239af
langcode: pl
status: true
dependencies:
  config:
    - block_content.type.d_paragraph_block
_core:
  default_config_hash: EcakqDx5ecirEapEpdwhmUk0pqOqyKPka_lyc6Ls14s
id: block_content.d_paragraph_block
target_entity_type_id: block_content
target_bundle: d_paragraph_block
default_langcode: site_default
language_alterable: false
