uuid: 0dca8023-d65a-431b-b1d1-019702b6e368
langcode: en
status: true
dependencies:
  module:
    - d_block_field
    - paragraphs
_core:
  default_config_hash: fTocYgo36Y7hoNOm8XZEjaNp-CPM2yJ2tN0dq9adS04
id: paragraph.field_block
field_name: field_block
entity_type: paragraph
type: d_block_field
settings: {  }
module: d_block_field
locked: false
cardinality: 1
translatable: true
indexes: {  }
persist_with_no_fields: false
custom_storage: false
